
Microsoft Visual Studio Solution File, Format Version 12.00
# Visual Studio Version 16
VisualStudioVersion = 16.0.30114.105
MinimumVisualStudioVersion = 10.0.40219.1
Project("{FAE04EC0-301F-11D3-BF4B-00C04F79EFBC}") = "API", "API\API.csproj", "{F2DC570E-B94C-45D3-A35C-93393F8809A0}"
EndProject
Project("{FAE04EC0-301F-11D3-BF4B-00C04F79EFBC}") = "Application", "Application\Application.csproj", "{998D09A4-5331-4A6C-95E8-6D5B1BC2DB02}"
EndProject
Project("{FAE04EC0-301F-11D3-BF4B-00C04F79EFBC}") = "Domain", "Domain\Domain.csproj", "{D50DD4C5-5FFA-4ACF-8BC8-C678FE2DD2DD}"
EndProject
Project("{FAE04EC0-301F-11D3-BF4B-00C04F79EFBC}") = "Persistence", "Persistence\Persistence.csproj", "{A6D9880D-CEC8-4825-B3AF-6B4C633F67BE}"
EndProject
Global
	GlobalSection(SolutionConfigurationPlatforms) = preSolution
		Debug|Any CPU = Debug|Any CPU
		Debug|x64 = Debug|x64
		Debug|x86 = Debug|x86
		Release|Any CPU = Release|Any CPU
		Release|x64 = Release|x64
		Release|x86 = Release|x86
	EndGlobalSection
	GlobalSection(SolutionProperties) = preSolution
		HideSolutionNode = FALSE
	EndGlobalSection
	GlobalSection(ProjectConfigurationPlatforms) = postSolution
		{F2DC570E-B94C-45D3-A35C-93393F8809A0}.Debug|Any CPU.ActiveCfg = Debug|Any CPU
		{F2DC570E-B94C-45D3-A35C-93393F8809A0}.Debug|Any CPU.Build.0 = Debug|Any CPU
		{F2DC570E-B94C-45D3-A35C-93393F8809A0}.Debug|x64.ActiveCfg = Debug|Any CPU
		{F2DC570E-B94C-45D3-A35C-93393F8809A0}.Debug|x64.Build.0 = Debug|Any CPU
		{F2DC570E-B94C-45D3-A35C-93393F8809A0}.Debug|x86.ActiveCfg = Debug|Any CPU
		{F2DC570E-B94C-45D3-A35C-93393F8809A0}.Debug|x86.Build.0 = Debug|Any CPU
		{F2DC570E-B94C-45D3-A35C-93393F8809A0}.Release|Any CPU.ActiveCfg = Release|Any CPU
		{F2DC570E-B94C-45D3-A35C-93393F8809A0}.Release|Any CPU.Build.0 = Release|Any CPU
		{F2DC570E-B94C-45D3-A35C-93393F8809A0}.Release|x64.ActiveCfg = Release|Any CPU
		{F2DC570E-B94C-45D3-A35C-93393F8809A0}.Release|x64.Build.0 = Release|Any CPU
		{F2DC570E-B94C-45D3-A35C-93393F8809A0}.Release|x86.ActiveCfg = Release|Any CPU
		{F2DC570E-B94C-45D3-A35C-93393F8809A0}.Release|x86.Build.0 = Release|Any CPU
		{998D09A4-5331-4A6C-95E8-6D5B1BC2DB02}.Debug|Any CPU.ActiveCfg = Debug|Any CPU
		{998D09A4-5331-4A6C-95E8-6D5B1BC2DB02}.Debug|Any CPU.Build.0 = Debug|Any CPU
		{998D09A4-5331-4A6C-95E8-6D5B1BC2DB02}.Debug|x64.ActiveCfg = Debug|Any CPU
		{998D09A4-5331-4A6C-95E8-6D5B1BC2DB02}.Debug|x64.Build.0 = Debug|Any CPU
		{998D09A4-5331-4A6C-95E8-6D5B1BC2DB02}.Debug|x86.ActiveCfg = Debug|Any CPU
		{998D09A4-5331-4A6C-95E8-6D5B1BC2DB02}.Debug|x86.Build.0 = Debug|Any CPU
		{998D09A4-5331-4A6C-95E8-6D5B1BC2DB02}.Release|Any CPU.ActiveCfg = Release|Any CPU
		{998D09A4-5331-4A6C-95E8-6D5B1BC2DB02}.Release|Any CPU.Build.0 = Release|Any CPU
		{998D09A4-5331-4A6C-95E8-6D5B1BC2DB02}.Release|x64.ActiveCfg = Release|Any CPU
		{998D09A4-5331-4A6C-95E8-6D5B1BC2DB02}.Release|x64.Build.0 = Release|Any CPU
		{998D09A4-5331-4A6C-95E8-6D5B1BC2DB02}.Release|x86.ActiveCfg = Release|Any CPU
		{998D09A4-5331-4A6C-95E8-6D5B1BC2DB02}.Release|x86.Build.0 = Release|Any CPU
		{D50DD4C5-5FFA-4ACF-8BC8-C678FE2DD2DD}.Debug|Any CPU.ActiveCfg = Debug|Any CPU
		{D50DD4C5-5FFA-4ACF-8BC8-C678FE2DD2DD}.Debug|Any CPU.Build.0 = Debug|Any CPU
		{D50DD4C5-5FFA-4ACF-8BC8-C678FE2DD2DD}.Debug|x64.ActiveCfg = Debug|Any CPU
		{D50DD4C5-5FFA-4ACF-8BC8-C678FE2DD2DD}.Debug|x64.Build.0 = Debug|Any CPU
		{D50DD4C5-5FFA-4ACF-8BC8-C678FE2DD2DD}.Debug|x86.ActiveCfg = Debug|Any CPU
		{D50DD4C5-5FFA-4ACF-8BC8-C678FE2DD2DD}.Debug|x86.Build.0 = Debug|Any CPU
		{D50DD4C5-5FFA-4ACF-8BC8-C678FE2DD2DD}.Release|Any CPU.ActiveCfg = Release|Any CPU
		{D50DD4C5-5FFA-4ACF-8BC8-C678FE2DD2DD}.Release|Any CPU.Build.0 = Release|Any CPU
		{D50DD4C5-5FFA-4ACF-8BC8-C678FE2DD2DD}.Release|x64.ActiveCfg = Release|Any CPU
		{D50DD4C5-5FFA-4ACF-8BC8-C678FE2DD2DD}.Release|x64.Build.0 = Release|Any CPU
		{D50DD4C5-5FFA-4ACF-8BC8-C678FE2DD2DD}.Release|x86.ActiveCfg = Release|Any CPU
		{D50DD4C5-5FFA-4ACF-8BC8-C678FE2DD2DD}.Release|x86.Build.0 = Release|Any CPU
		{A6D9880D-CEC8-4825-B3AF-6B4C633F67BE}.Debug|Any CPU.ActiveCfg = Debug|Any CPU
		{A6D9880D-CEC8-4825-B3AF-6B4C633F67BE}.Debug|Any CPU.Build.0 = Debug|Any CPU
		{A6D9880D-CEC8-4825-B3AF-6B4C633F67BE}.Debug|x64.ActiveCfg = Debug|Any CPU
		{A6D9880D-CEC8-4825-B3AF-6B4C633F67BE}.Debug|x64.Build.0 = Debug|Any CPU
		{A6D9880D-CEC8-4825-B3AF-6B4C633F67BE}.Debug|x86.ActiveCfg = Debug|Any CPU
		{A6D9880D-CEC8-4825-B3AF-6B4C633F67BE}.Debug|x86.Build.0 = Debug|Any CPU
		{A6D9880D-CEC8-4825-B3AF-6B4C633F67BE}.Release|Any CPU.ActiveCfg = Release|Any CPU
		{A6D9880D-CEC8-4825-B3AF-6B4C633F67BE}.Release|Any CPU.Build.0 = Release|Any CPU
		{A6D9880D-CEC8-4825-B3AF-6B4C633F67BE}.Release|x64.ActiveCfg = Release|Any CPU
		{A6D9880D-CEC8-4825-B3AF-6B4C633F67BE}.Release|x64.Build.0 = Release|Any CPU
		{A6D9880D-CEC8-4825-B3AF-6B4C633F67BE}.Release|x86.ActiveCfg = Release|Any CPU
		{A6D9880D-CEC8-4825-B3AF-6B4C633F67BE}.Release|x86.Build.0 = Release|Any CPU
	EndGlobalSection
EndGlobal
